# THIS IS AN AUTOGENERATED FILE. DO NOT EDIT THIS FILE DIRECTLY.
# yarn lockfile v1


esbuild@^0.10.1:
  version "0.10.1"
  resolved "https://registry.yarnpkg.com/esbuild/-/esbuild-0.10.1.tgz#3616b5d3de7d6249b30874abe35ac1e7e1d75734"
  integrity sha512-JSZpNt0sCb5KtUwHR3ddTY7T85xwasbqrVbxJ57iFOR00dCeD/HwAqIsUSXR1O9Nnt4z/7oWLasUCgBnhBFcdg==
